
Microsoft Visual Studio Solution File, Format Version 12.00
# Visual Studio 15
VisualStudioVersion = 15.0.27703.2035
MinimumVisualStudioVersion = 10.0.40219.1
Project("{FAE04EC0-301F-11D3-BF4B-00C04F79EFBC}") = "ResetPassword", "Chat\ResetPassword.csproj", "{DBDBBAB7-DB3C-4AF6-B859-CBA048F2844D}"
EndProject
Project("{FAE04EC0-301F-11D3-BF4B-00C04F79EFBC}") = "ModulUtilizator", "Modul Utilizator\ModulUtilizator.csproj", "{B4298B0D-FA83-4041-BB42-69E1E3D32228}"
EndProject
Project("{FAE04EC0-301F-11D3-BF4B-00C04F79EFBC}") = "WindowsFormsApp3", "WindowsFormsApp3\WindowsFormsApp3.csproj", "{01857870-B03A-497F-80EE-184C36FF0D67}"
EndProject
Project("{FAE04EC0-301F-11D3-BF4B-00C04F79EFBC}") = "Server", "Server\Server.csproj", "{F84EDACB-78BF-459C-A072-E0321D4684F8}"
EndProject
Project("{FAE04EC0-301F-11D3-BF4B-00C04F79EFBC}") = "ECDiffieHellmanCngExample", "ECDiffieHellmanCngExample\ECDiffieHellmanCngExample.csproj", "{0A341536-E5A8-4294-9299-403AC8781071}"
EndProject
Project("{FAE04EC0-301F-11D3-BF4B-00C04F79EFBC}") = "MailSendForReset", "MailSendForReset\MailSendForReset.csproj", "{197575C1-0A84-4588-8154-A5CCEFD51155}"
EndProject
Project("{FAE04EC0-301F-11D3-BF4B-00C04F79EFBC}") = "AdministratorForm", "AdministratorForm\AdministratorForm.csproj", "{EDBC66AC-C605-42BC-BDCA-10EF48FD180C}"
EndProject
Global
	GlobalSection(SolutionConfigurationPlatforms) = preSolution
		Debug|Any CPU = Debug|Any CPU
		Release|Any CPU = Release|Any CPU
	EndGlobalSection
	GlobalSection(ProjectConfigurationPlatforms) = postSolution
		{DBDBBAB7-DB3C-4AF6-B859-CBA048F2844D}.Debug|Any CPU.ActiveCfg = Debug|Any CPU
		{DBDBBAB7-DB3C-4AF6-B859-CBA048F2844D}.Debug|Any CPU.Build.0 = Debug|Any CPU
		{DBDBBAB7-DB3C-4AF6-B859-CBA048F2844D}.Release|Any CPU.ActiveCfg = Release|Any CPU
		{DBDBBAB7-DB3C-4AF6-B859-CBA048F2844D}.Release|Any CPU.Build.0 = Release|Any CPU
		{B4298B0D-FA83-4041-BB42-69E1E3D32228}.Debug|Any CPU.ActiveCfg = Debug|Any CPU
		{B4298B0D-FA83-4041-BB42-69E1E3D32228}.Debug|Any CPU.Build.0 = Debug|Any CPU
		{B4298B0D-FA83-4041-BB42-69E1E3D32228}.Release|Any CPU.ActiveCfg = Release|Any CPU
		{B4298B0D-FA83-4041-BB42-69E1E3D32228}.Release|Any CPU.Build.0 = Release|Any CPU
		{01857870-B03A-497F-80EE-184C36FF0D67}.Debug|Any CPU.ActiveCfg = Debug|Any CPU
		{01857870-B03A-497F-80EE-184C36FF0D67}.Debug|Any CPU.Build.0 = Debug|Any CPU
		{01857870-B03A-497F-80EE-184C36FF0D67}.Release|Any CPU.ActiveCfg = Release|Any CPU
		{01857870-B03A-497F-80EE-184C36FF0D67}.Release|Any CPU.Build.0 = Release|Any CPU
		{F84EDACB-78BF-459C-A072-E0321D4684F8}.Debug|Any CPU.ActiveCfg = Debug|Any CPU
		{F84EDACB-78BF-459C-A072-E0321D4684F8}.Debug|Any CPU.Build.0 = Debug|Any CPU
		{F84EDACB-78BF-459C-A072-E0321D4684F8}.Release|Any CPU.ActiveCfg = Release|Any CPU
		{F84EDACB-78BF-459C-A072-E0321D4684F8}.Release|Any CPU.Build.0 = Release|Any CPU
		{0A341536-E5A8-4294-9299-403AC8781071}.Debug|Any CPU.ActiveCfg = Debug|Any CPU
		{0A341536-E5A8-4294-9299-403AC8781071}.Debug|Any CPU.Build.0 = Debug|Any CPU
		{0A341536-E5A8-4294-9299-403AC8781071}.Release|Any CPU.ActiveCfg = Release|Any CPU
		{0A341536-E5A8-4294-9299-403AC8781071}.Release|Any CPU.Build.0 = Release|Any CPU
		{197575C1-0A84-4588-8154-A5CCEFD51155}.Debug|Any CPU.ActiveCfg = Debug|Any CPU
		{197575C1-0A84-4588-8154-A5CCEFD51155}.Debug|Any CPU.Build.0 = Debug|Any CPU
		{197575C1-0A84-4588-8154-A5CCEFD51155}.Release|Any CPU.ActiveCfg = Release|Any CPU
		{197575C1-0A84-4588-8154-A5CCEFD51155}.Release|Any CPU.Build.0 = Release|Any CPU
		{EDBC66AC-C605-42BC-BDCA-10EF48FD180C}.Debug|Any CPU.ActiveCfg = Debug|Any CPU
		{EDBC66AC-C605-42BC-BDCA-10EF48FD180C}.Debug|Any CPU.Build.0 = Debug|Any CPU
		{EDBC66AC-C605-42BC-BDCA-10EF48FD180C}.Release|Any CPU.ActiveCfg = Release|Any CPU
		{EDBC66AC-C605-42BC-BDCA-10EF48FD180C}.Release|Any CPU.Build.0 = Release|Any CPU
	EndGlobalSection
	GlobalSection(SolutionProperties) = preSolution
		HideSolutionNode = FALSE
	EndGlobalSection
	GlobalSection(ExtensibilityGlobals) = postSolution
		SolutionGuid = {91D53800-1E6C-4BDB-B0C0-9139F214C4CD}
	EndGlobalSection
EndGlobal
